
Microsoft Visual Studio Solution File, Format Version 11.00
# Visual Studio 2010
Project("{FAE04EC0-301F-11D3-BF4B-00C04F79EFBC}") = "Lolilol", "Lolilol\Lolilol.csproj", "{37115058-0762-439A-A339-DDA9BD23D892}"
EndProject
Project("{FAE04EC0-301F-11D3-BF4B-00C04F79EFBC}") = "DBManager", "DBManager\DBManager.csproj", "{496EDEE9-D2B7-4197-9709-C46717FBF239}"
EndProject
Project("{FAE04EC0-301F-11D3-BF4B-00C04F79EFBC}") = "Tests", "Tests\Tests.csproj", "{CD461B42-F932-4C70-A435-6D6333149067}"
EndProject
Project("{2150E333-8FDC-42A3-9474-1A3956D46DE8}") = "Solution Items", "Solution Items", "{27A1D9CE-D628-433A-A097-B85E40C72070}"
	ProjectSection(SolutionItems) = preProject
		Local.testsettings = Local.testsettings
		TraceAndTestImpact.testsettings = TraceAndTestImpact.testsettings
	EndProjectSection
EndProject
Project("{FAE04EC0-301F-11D3-BF4B-00C04F79EFBC}") = "Common.Data", "Common.Data\Common.Data.csproj", "{BE4EB3E7-CCB3-488F-8F66-EA81174A75F3}"
EndProject
Project("{FAE04EC0-301F-11D3-BF4B-00C04F79EFBC}") = "Common.Data.Utils", "Common.Data.Utils\Common.Data.Utils.csproj", "{43B5BE25-46F8-4571-B391-465CE5477AD3}"
EndProject
Project("{FAE04EC0-301F-11D3-BF4B-00C04F79EFBC}") = "Data.Management", "Data.Management\Data.Management.csproj", "{39C38DC5-480C-4722-937D-83760E6F7980}"
EndProject
Project("{FAE04EC0-301F-11D3-BF4B-00C04F79EFBC}") = "Control.Champion", "Control.Champion\Control.Champion.csproj", "{E045387D-51AF-43D2-97D1-64EC837A2663}"
EndProject
Project("{FAE04EC0-301F-11D3-BF4B-00C04F79EFBC}") = "Common.Champion", "Common.Champion\Common.Champion.csproj", "{FE32FD30-2D5F-4C6E-B023-6751C9C85A43}"
EndProject
Project("{FAE04EC0-301F-11D3-BF4B-00C04F79EFBC}") = "Tools", "Tools\Tools.csproj", "{B21492F2-E5D8-427E-95AF-122FD4488EA1}"
EndProject
Global
	GlobalSection(TestCaseManagementSettings) = postSolution
		CategoryFile = Lolilol.vsmdi
	EndGlobalSection
	GlobalSection(SolutionConfigurationPlatforms) = preSolution
		Debug|Any CPU = Debug|Any CPU
		Debug|Mixed Platforms = Debug|Mixed Platforms
		Debug|x86 = Debug|x86
		Debug-Tests|Any CPU = Debug-Tests|Any CPU
		Debug-Tests|Mixed Platforms = Debug-Tests|Mixed Platforms
		Debug-Tests|x86 = Debug-Tests|x86
		Release|Any CPU = Release|Any CPU
		Release|Mixed Platforms = Release|Mixed Platforms
		Release|x86 = Release|x86
	EndGlobalSection
	GlobalSection(ProjectConfigurationPlatforms) = postSolution
		{37115058-0762-439A-A339-DDA9BD23D892}.Debug|Any CPU.ActiveCfg = Debug|x86
		{37115058-0762-439A-A339-DDA9BD23D892}.Debug|Mixed Platforms.ActiveCfg = Debug|x86
		{37115058-0762-439A-A339-DDA9BD23D892}.Debug|Mixed Platforms.Build.0 = Debug|x86
		{37115058-0762-439A-A339-DDA9BD23D892}.Debug|x86.ActiveCfg = Debug|x86
		{37115058-0762-439A-A339-DDA9BD23D892}.Debug|x86.Build.0 = Debug|x86
		{37115058-0762-439A-A339-DDA9BD23D892}.Debug-Tests|Any CPU.ActiveCfg = Debug|x86
		{37115058-0762-439A-A339-DDA9BD23D892}.Debug-Tests|Mixed Platforms.ActiveCfg = Debug|x86
		{37115058-0762-439A-A339-DDA9BD23D892}.Debug-Tests|Mixed Platforms.Build.0 = Debug|x86
		{37115058-0762-439A-A339-DDA9BD23D892}.Debug-Tests|x86.ActiveCfg = Debug|x86
		{37115058-0762-439A-A339-DDA9BD23D892}.Debug-Tests|x86.Build.0 = Debug|x86
		{37115058-0762-439A-A339-DDA9BD23D892}.Release|Any CPU.ActiveCfg = Release|x86
		{37115058-0762-439A-A339-DDA9BD23D892}.Release|Mixed Platforms.ActiveCfg = Release|x86
		{37115058-0762-439A-A339-DDA9BD23D892}.Release|Mixed Platforms.Build.0 = Release|x86
		{37115058-0762-439A-A339-DDA9BD23D892}.Release|x86.ActiveCfg = Release|x86
		{37115058-0762-439A-A339-DDA9BD23D892}.Release|x86.Build.0 = Release|x86
		{496EDEE9-D2B7-4197-9709-C46717FBF239}.Debug|Any CPU.ActiveCfg = Debug|x86
		{496EDEE9-D2B7-4197-9709-C46717FBF239}.Debug|Mixed Platforms.ActiveCfg = Debug|x86
		{496EDEE9-D2B7-4197-9709-C46717FBF239}.Debug|Mixed Platforms.Build.0 = Debug|x86
		{496EDEE9-D2B7-4197-9709-C46717FBF239}.Debug|x86.ActiveCfg = Debug|x86
		{496EDEE9-D2B7-4197-9709-C46717FBF239}.Debug|x86.Build.0 = Debug|x86
		{496EDEE9-D2B7-4197-9709-C46717FBF239}.Debug-Tests|Any CPU.ActiveCfg = Debug|x86
		{496EDEE9-D2B7-4197-9709-C46717FBF239}.Debug-Tests|Mixed Platforms.ActiveCfg = Debug|x86
		{496EDEE9-D2B7-4197-9709-C46717FBF239}.Debug-Tests|Mixed Platforms.Build.0 = Debug|x86
		{496EDEE9-D2B7-4197-9709-C46717FBF239}.Debug-Tests|x86.ActiveCfg = Debug|x86
		{496EDEE9-D2B7-4197-9709-C46717FBF239}.Debug-Tests|x86.Build.0 = Debug|x86
		{496EDEE9-D2B7-4197-9709-C46717FBF239}.Release|Any CPU.ActiveCfg = Release|x86
		{496EDEE9-D2B7-4197-9709-C46717FBF239}.Release|Mixed Platforms.ActiveCfg = Release|x86
		{496EDEE9-D2B7-4197-9709-C46717FBF239}.Release|Mixed Platforms.Build.0 = Release|x86
		{496EDEE9-D2B7-4197-9709-C46717FBF239}.Release|x86.ActiveCfg = Release|x86
		{496EDEE9-D2B7-4197-9709-C46717FBF239}.Release|x86.Build.0 = Release|x86
		{CD461B42-F932-4C70-A435-6D6333149067}.Debug|Any CPU.ActiveCfg = Debug|Any CPU
		{CD461B42-F932-4C70-A435-6D6333149067}.Debug|Any CPU.Build.0 = Debug|Any CPU
		{CD461B42-F932-4C70-A435-6D6333149067}.Debug|Mixed Platforms.ActiveCfg = Debug|Any CPU
		{CD461B42-F932-4C70-A435-6D6333149067}.Debug|Mixed Platforms.Build.0 = Debug|Any CPU
		{CD461B42-F932-4C70-A435-6D6333149067}.Debug|x86.ActiveCfg = Debug|Any CPU
		{CD461B42-F932-4C70-A435-6D6333149067}.Debug-Tests|Any CPU.ActiveCfg = Debug|Any CPU
		{CD461B42-F932-4C70-A435-6D6333149067}.Debug-Tests|Any CPU.Build.0 = Debug|Any CPU
		{CD461B42-F932-4C70-A435-6D6333149067}.Debug-Tests|Mixed Platforms.ActiveCfg = Debug|Any CPU
		{CD461B42-F932-4C70-A435-6D6333149067}.Debug-Tests|Mixed Platforms.Build.0 = Debug|Any CPU
		{CD461B42-F932-4C70-A435-6D6333149067}.Debug-Tests|x86.ActiveCfg = Debug|Any CPU
		{CD461B42-F932-4C70-A435-6D6333149067}.Release|Any CPU.ActiveCfg = Release|Any CPU
		{CD461B42-F932-4C70-A435-6D6333149067}.Release|Any CPU.Build.0 = Release|Any CPU
		{CD461B42-F932-4C70-A435-6D6333149067}.Release|Mixed Platforms.ActiveCfg = Release|Any CPU
		{CD461B42-F932-4C70-A435-6D6333149067}.Release|Mixed Platforms.Build.0 = Release|Any CPU
		{CD461B42-F932-4C70-A435-6D6333149067}.Release|x86.ActiveCfg = Release|Any CPU
		{BE4EB3E7-CCB3-488F-8F66-EA81174A75F3}.Debug|Any CPU.ActiveCfg = Debug|Any CPU
		{BE4EB3E7-CCB3-488F-8F66-EA81174A75F3}.Debug|Any CPU.Build.0 = Debug|Any CPU
		{BE4EB3E7-CCB3-488F-8F66-EA81174A75F3}.Debug|Mixed Platforms.ActiveCfg = Debug|Any CPU
		{BE4EB3E7-CCB3-488F-8F66-EA81174A75F3}.Debug|Mixed Platforms.Build.0 = Debug|Any CPU
		{BE4EB3E7-CCB3-488F-8F66-EA81174A75F3}.Debug|x86.ActiveCfg = Debug|Any CPU
		{BE4EB3E7-CCB3-488F-8F66-EA81174A75F3}.Debug-Tests|Any CPU.ActiveCfg = Debug-Tests|Any CPU
		{BE4EB3E7-CCB3-488F-8F66-EA81174A75F3}.Debug-Tests|Any CPU.Build.0 = Debug-Tests|Any CPU
		{BE4EB3E7-CCB3-488F-8F66-EA81174A75F3}.Debug-Tests|Mixed Platforms.ActiveCfg = Debug-Tests|Any CPU
		{BE4EB3E7-CCB3-488F-8F66-EA81174A75F3}.Debug-Tests|Mixed Platforms.Build.0 = Debug-Tests|Any CPU
		{BE4EB3E7-CCB3-488F-8F66-EA81174A75F3}.Debug-Tests|x86.ActiveCfg = Debug-Tests|Any CPU
		{BE4EB3E7-CCB3-488F-8F66-EA81174A75F3}.Release|Any CPU.ActiveCfg = Release|Any CPU
		{BE4EB3E7-CCB3-488F-8F66-EA81174A75F3}.Release|Any CPU.Build.0 = Release|Any CPU
		{BE4EB3E7-CCB3-488F-8F66-EA81174A75F3}.Release|Mixed Platforms.ActiveCfg = Release|Any CPU
		{BE4EB3E7-CCB3-488F-8F66-EA81174A75F3}.Release|Mixed Platforms.Build.0 = Release|Any CPU
		{BE4EB3E7-CCB3-488F-8F66-EA81174A75F3}.Release|x86.ActiveCfg = Release|Any CPU
		{43B5BE25-46F8-4571-B391-465CE5477AD3}.Debug|Any CPU.ActiveCfg = Debug|Any CPU
		{43B5BE25-46F8-4571-B391-465CE5477AD3}.Debug|Any CPU.Build.0 = Debug|Any CPU
		{43B5BE25-46F8-4571-B391-465CE5477AD3}.Debug|Mixed Platforms.ActiveCfg = Debug|Any CPU
		{43B5BE25-46F8-4571-B391-465CE5477AD3}.Debug|Mixed Platforms.Build.0 = Debug|Any CPU
		{43B5BE25-46F8-4571-B391-465CE5477AD3}.Debug|x86.ActiveCfg = Debug|Any CPU
		{43B5BE25-46F8-4571-B391-465CE5477AD3}.Debug-Tests|Any CPU.ActiveCfg = Debug-Tests|Any CPU
		{43B5BE25-46F8-4571-B391-465CE5477AD3}.Debug-Tests|Any CPU.Build.0 = Debug-Tests|Any CPU
		{43B5BE25-46F8-4571-B391-465CE5477AD3}.Debug-Tests|Mixed Platforms.ActiveCfg = Debug-Tests|Any CPU
		{43B5BE25-46F8-4571-B391-465CE5477AD3}.Debug-Tests|Mixed Platforms.Build.0 = Debug-Tests|Any CPU
		{43B5BE25-46F8-4571-B391-465CE5477AD3}.Debug-Tests|x86.ActiveCfg = Debug-Tests|Any CPU
		{43B5BE25-46F8-4571-B391-465CE5477AD3}.Release|Any CPU.ActiveCfg = Release|Any CPU
		{43B5BE25-46F8-4571-B391-465CE5477AD3}.Release|Any CPU.Build.0 = Release|Any CPU
		{43B5BE25-46F8-4571-B391-465CE5477AD3}.Release|Mixed Platforms.ActiveCfg = Release|Any CPU
		{43B5BE25-46F8-4571-B391-465CE5477AD3}.Release|Mixed Platforms.Build.0 = Release|Any CPU
		{43B5BE25-46F8-4571-B391-465CE5477AD3}.Release|x86.ActiveCfg = Release|Any CPU
		{39C38DC5-480C-4722-937D-83760E6F7980}.Debug|Any CPU.ActiveCfg = Debug|Any CPU
		{39C38DC5-480C-4722-937D-83760E6F7980}.Debug|Any CPU.Build.0 = Debug|Any CPU
		{39C38DC5-480C-4722-937D-83760E6F7980}.Debug|Mixed Platforms.ActiveCfg = Debug|x86
		{39C38DC5-480C-4722-937D-83760E6F7980}.Debug|Mixed Platforms.Build.0 = Debug|x86
		{39C38DC5-480C-4722-937D-83760E6F7980}.Debug|x86.ActiveCfg = Debug|x86
		{39C38DC5-480C-4722-937D-83760E6F7980}.Debug|x86.Build.0 = Debug|x86
		{39C38DC5-480C-4722-937D-83760E6F7980}.Debug-Tests|Any CPU.ActiveCfg = Debug-Tests|Any CPU
		{39C38DC5-480C-4722-937D-83760E6F7980}.Debug-Tests|Any CPU.Build.0 = Debug-Tests|Any CPU
		{39C38DC5-480C-4722-937D-83760E6F7980}.Debug-Tests|Mixed Platforms.ActiveCfg = Debug-Tests|x86
		{39C38DC5-480C-4722-937D-83760E6F7980}.Debug-Tests|Mixed Platforms.Build.0 = Debug-Tests|x86
		{39C38DC5-480C-4722-937D-83760E6F7980}.Debug-Tests|x86.ActiveCfg = Debug-Tests|x86
		{39C38DC5-480C-4722-937D-83760E6F7980}.Debug-Tests|x86.Build.0 = Debug-Tests|x86
		{39C38DC5-480C-4722-937D-83760E6F7980}.Release|Any CPU.ActiveCfg = Release|Any CPU
		{39C38DC5-480C-4722-937D-83760E6F7980}.Release|Any CPU.Build.0 = Release|Any CPU
		{39C38DC5-480C-4722-937D-83760E6F7980}.Release|Mixed Platforms.ActiveCfg = Release|x86
		{39C38DC5-480C-4722-937D-83760E6F7980}.Release|Mixed Platforms.Build.0 = Release|x86
		{39C38DC5-480C-4722-937D-83760E6F7980}.Release|x86.ActiveCfg = Release|x86
		{39C38DC5-480C-4722-937D-83760E6F7980}.Release|x86.Build.0 = Release|x86
		{E045387D-51AF-43D2-97D1-64EC837A2663}.Debug|Any CPU.ActiveCfg = Debug|Any CPU
		{E045387D-51AF-43D2-97D1-64EC837A2663}.Debug|Any CPU.Build.0 = Debug|Any CPU
		{E045387D-51AF-43D2-97D1-64EC837A2663}.Debug|Mixed Platforms.ActiveCfg = Debug|Any CPU
		{E045387D-51AF-43D2-97D1-64EC837A2663}.Debug|Mixed Platforms.Build.0 = Debug|Any CPU
		{E045387D-51AF-43D2-97D1-64EC837A2663}.Debug|x86.ActiveCfg = Debug|Any CPU
		{E045387D-51AF-43D2-97D1-64EC837A2663}.Debug-Tests|Any CPU.ActiveCfg = Debug|Any CPU
		{E045387D-51AF-43D2-97D1-64EC837A2663}.Debug-Tests|Any CPU.Build.0 = Debug|Any CPU
		{E045387D-51AF-43D2-97D1-64EC837A2663}.Debug-Tests|Mixed Platforms.ActiveCfg = Debug|Any CPU
		{E045387D-51AF-43D2-97D1-64EC837A2663}.Debug-Tests|Mixed Platforms.Build.0 = Debug|Any CPU
		{E045387D-51AF-43D2-97D1-64EC837A2663}.Debug-Tests|x86.ActiveCfg = Debug|Any CPU
		{E045387D-51AF-43D2-97D1-64EC837A2663}.Release|Any CPU.ActiveCfg = Release|Any CPU
		{E045387D-51AF-43D2-97D1-64EC837A2663}.Release|Any CPU.Build.0 = Release|Any CPU
		{E045387D-51AF-43D2-97D1-64EC837A2663}.Release|Mixed Platforms.ActiveCfg = Release|Any CPU
		{E045387D-51AF-43D2-97D1-64EC837A2663}.Release|Mixed Platforms.Build.0 = Release|Any CPU
		{E045387D-51AF-43D2-97D1-64EC837A2663}.Release|x86.ActiveCfg = Release|Any CPU
		{FE32FD30-2D5F-4C6E-B023-6751C9C85A43}.Debug|Any CPU.ActiveCfg = Debug|Any CPU
		{FE32FD30-2D5F-4C6E-B023-6751C9C85A43}.Debug|Any CPU.Build.0 = Debug|Any CPU
		{FE32FD30-2D5F-4C6E-B023-6751C9C85A43}.Debug|Mixed Platforms.ActiveCfg = Debug|Any CPU
		{FE32FD30-2D5F-4C6E-B023-6751C9C85A43}.Debug|Mixed Platforms.Build.0 = Debug|Any CPU
		{FE32FD30-2D5F-4C6E-B023-6751C9C85A43}.Debug|x86.ActiveCfg = Debug|Any CPU
		{FE32FD30-2D5F-4C6E-B023-6751C9C85A43}.Debug-Tests|Any CPU.ActiveCfg = Debug|Any CPU
		{FE32FD30-2D5F-4C6E-B023-6751C9C85A43}.Debug-Tests|Any CPU.Build.0 = Debug|Any CPU
		{FE32FD30-2D5F-4C6E-B023-6751C9C85A43}.Debug-Tests|Mixed Platforms.ActiveCfg = Debug|Any CPU
		{FE32FD30-2D5F-4C6E-B023-6751C9C85A43}.Debug-Tests|Mixed Platforms.Build.0 = Debug|Any CPU
		{FE32FD30-2D5F-4C6E-B023-6751C9C85A43}.Debug-Tests|x86.ActiveCfg = Debug|Any CPU
		{FE32FD30-2D5F-4C6E-B023-6751C9C85A43}.Release|Any CPU.ActiveCfg = Release|Any CPU
		{FE32FD30-2D5F-4C6E-B023-6751C9C85A43}.Release|Any CPU.Build.0 = Release|Any CPU
		{FE32FD30-2D5F-4C6E-B023-6751C9C85A43}.Release|Mixed Platforms.ActiveCfg = Release|Any CPU
		{FE32FD30-2D5F-4C6E-B023-6751C9C85A43}.Release|Mixed Platforms.Build.0 = Release|Any CPU
		{FE32FD30-2D5F-4C6E-B023-6751C9C85A43}.Release|x86.ActiveCfg = Release|Any CPU
		{B21492F2-E5D8-427E-95AF-122FD4488EA1}.Debug|Any CPU.ActiveCfg = Debug|Any CPU
		{B21492F2-E5D8-427E-95AF-122FD4488EA1}.Debug|Any CPU.Build.0 = Debug|Any CPU
		{B21492F2-E5D8-427E-95AF-122FD4488EA1}.Debug|Mixed Platforms.ActiveCfg = Debug|Any CPU
		{B21492F2-E5D8-427E-95AF-122FD4488EA1}.Debug|Mixed Platforms.Build.0 = Debug|Any CPU
		{B21492F2-E5D8-427E-95AF-122FD4488EA1}.Debug|x86.ActiveCfg = Debug|Any CPU
		{B21492F2-E5D8-427E-95AF-122FD4488EA1}.Debug-Tests|Any CPU.ActiveCfg = Debug|Any CPU
		{B21492F2-E5D8-427E-95AF-122FD4488EA1}.Debug-Tests|Any CPU.Build.0 = Debug|Any CPU
		{B21492F2-E5D8-427E-95AF-122FD4488EA1}.Debug-Tests|Mixed Platforms.ActiveCfg = Debug|Any CPU
		{B21492F2-E5D8-427E-95AF-122FD4488EA1}.Debug-Tests|Mixed Platforms.Build.0 = Debug|Any CPU
		{B21492F2-E5D8-427E-95AF-122FD4488EA1}.Debug-Tests|x86.ActiveCfg = Debug|Any CPU
		{B21492F2-E5D8-427E-95AF-122FD4488EA1}.Release|Any CPU.ActiveCfg = Release|Any CPU
		{B21492F2-E5D8-427E-95AF-122FD4488EA1}.Release|Any CPU.Build.0 = Release|Any CPU
		{B21492F2-E5D8-427E-95AF-122FD4488EA1}.Release|Mixed Platforms.ActiveCfg = Release|Any CPU
		{B21492F2-E5D8-427E-95AF-122FD4488EA1}.Release|Mixed Platforms.Build.0 = Release|Any CPU
		{B21492F2-E5D8-427E-95AF-122FD4488EA1}.Release|x86.ActiveCfg = Release|Any CPU
	EndGlobalSection
	GlobalSection(SolutionProperties) = preSolution
		HideSolutionNode = FALSE
	EndGlobalSection
EndGlobal
